{
  "requires": true,
  "lockfileVersion": 1,
  "dependencies": {
    "text-mask-addons": {
      "version": "3.8.0",
      "resolved": "https://registry.npmjs.org/text-mask-addons/-/text-mask-addons-3.8.0.tgz",
      "integrity": "sha1-F7Ye9mWk82gR8uofAaIjtL5hqyY="
    },
    "v-mask": {
      "version": "2.2.3",
      "resolved": "https://registry.npmjs.org/v-mask/-/v-mask-2.2.3.tgz",
      "integrity": "sha512-as00PjW8pC9fmub4y5DqO7Wg6wCIM6fddRk7rykZ6u3C7Zs/iDi/9vnssVkQCZY1o7DTjfK8jlLy0E+Nz4D+mg=="
    },
    "vuelidate": {
      "version": "0.7.5",
      "resolved": "https://registry.npmjs.org/vuelidate/-/vuelidate-0.7.5.tgz",
      "integrity": "sha512-GAAG8QAFVp7BFeQlNaThpTbimq3+HypBPNwdkCkHZZeVaD5zmXXfhp357dcUJXHXTZjSln0PvP6wiwLZXkFTwg=="
    }
  }
}
